
Microsoft Visual Studio Solution File, Format Version 12.00
# Visual Studio 15
VisualStudioVersion = 15.0.28010.2046
MinimumVisualStudioVersion = 10.0.40219.1
Project("{FAE04EC0-301F-11D3-BF4B-00C04F79EFBC}") = "SimpleAsyncAwaitWPF", "SimpleAsyncAwaitWPF\SimpleAsyncAwaitWPF.csproj", "{1A2821BA-B511-44E5-90B5-5E033B0D5AAE}"
EndProject
Global
	GlobalSection(SolutionConfigurationPlatforms) = preSolution
		Debug|Any CPU = Debug|Any CPU
		Release|Any CPU = Release|Any CPU
	EndGlobalSection
	GlobalSection(ProjectConfigurationPlatforms) = postSolution
		{1A2821BA-B511-44E5-90B5-5E033B0D5AAE}.Debug|Any CPU.ActiveCfg = Debug|Any CPU
		{1A2821BA-B511-44E5-90B5-5E033B0D5AAE}.Debug|Any CPU.Build.0 = Debug|Any CPU
		{1A2821BA-B511-44E5-90B5-5E033B0D5AAE}.Release|Any CPU.ActiveCfg = Release|Any CPU
		{1A2821BA-B511-44E5-90B5-5E033B0D5AAE}.Release|Any CPU.Build.0 = Release|Any CPU
	EndGlobalSection
	GlobalSection(SolutionProperties) = preSolution
		HideSolutionNode = FALSE
	EndGlobalSection
	GlobalSection(ExtensibilityGlobals) = postSolution
		SolutionGuid = {51BD2BCE-108E-4557-8A20-3256C8CF8DB4}
	EndGlobalSection
EndGlobal
